
Microsoft Visual Studio Solution File, Format Version 12.00
# Visual Studio 15
VisualStudioVersion = 15.0.28307.902
MinimumVisualStudioVersion = 10.0.40219.1
Project("{FAE04EC0-301F-11D3-BF4B-00C04F79EFBC}") = "AplicacionWebApiRest", "AplicacionWebApiRest\AplicacionWebApiRest.csproj", "{82D30F08-A718-459F-BBF4-73D1598A5BA7}"
EndProject
Global
	GlobalSection(SolutionConfigurationPlatforms) = preSolution
		Debug|Any CPU = Debug|Any CPU
		Release|Any CPU = Release|Any CPU
	EndGlobalSection
	GlobalSection(ProjectConfigurationPlatforms) = postSolution
		{82D30F08-A718-459F-BBF4-73D1598A5BA7}.Debug|Any CPU.ActiveCfg = Debug|Any CPU
		{82D30F08-A718-459F-BBF4-73D1598A5BA7}.Debug|Any CPU.Build.0 = Debug|Any CPU
		{82D30F08-A718-459F-BBF4-73D1598A5BA7}.Release|Any CPU.ActiveCfg = Release|Any CPU
		{82D30F08-A718-459F-BBF4-73D1598A5BA7}.Release|Any CPU.Build.0 = Release|Any CPU
	EndGlobalSection
	GlobalSection(SolutionProperties) = preSolution
		HideSolutionNode = FALSE
	EndGlobalSection
	GlobalSection(ExtensibilityGlobals) = postSolution
		SolutionGuid = {E307F99A-1F6B-43B7-8E9E-E21B4989EC95}
	EndGlobalSection
EndGlobal
